<?xml version="1.0" encoding="utf-8"?>
<Project ToolsVersion="4.0" xmlns="http://schemas.microsoft.com/developer/msbuild/2003">
  <ItemGroup>
    <Filter Include="Source Files">
      <UniqueIdentifier>{A1FB10F5-6884-4359-836B-2B4D40B0E7F1}</UniqueIdentifier>
      <Extensions>cpp;c;cc;cxx;c++;def;odl;idl;hpj;bat;asm;asmx</Extensions>
    </Filter>
    <Filter Include="SDK">
      <UniqueIdentifier>{6706E96F-F9D6-40ED-8D4F-ED2B3D02668B}</UniqueIdentifier>
    </Filter>
  </ItemGroup>
  <ItemGroup>
    <ClCompile Include="alienpower-cli.cpp">
      <Filter>Source Files</Filter>
    </ClCompile>
    <ClCompile Include="..\alienfan-SDK_v2\alienfan-SDK.cpp">
      <Filter>SDK</Filter>
    </ClCompile>
  </ItemGroup>
  <ItemGroup>
    <ClInclude Include="..\alienfan-SDK_v2\alienfan-SDK.h">
      <Filter>SDK</Filter>
    </ClInclude>
    <ClInclude Include="..\alienfan-SDK_v2\alienfan-controls.h">
      <Filter>SDK</Filter>
    </ClInclude>
  </ItemGroup>
</Project>
